
Microsoft Visual Studio Solution File, Format Version 12.00
# Visual Studio Version 16
VisualStudioVersion = 16.0.29009.5
MinimumVisualStudioVersion = 10.0.40219.1
Project("{9A19103F-16F7-4668-BE54-9A1E7A4F7556}") = "Task1", "Task1\Task1.csproj", "{DD3332EA-12DC-4E82-9662-EACDEF03B812}"
EndProject
Project("{9A19103F-16F7-4668-BE54-9A1E7A4F7556}") = "Task2And5And7", "Task2\Task2And5And7.csproj", "{E67920D9-0166-46A2-B97F-29E0523AC57F}"
EndProject
Project("{9A19103F-16F7-4668-BE54-9A1E7A4F7556}") = "Task3", "Task3\Task3.csproj", "{6A377CD4-1B41-4EEA-B33E-FFA65500CA77}"
EndProject
Project("{9A19103F-16F7-4668-BE54-9A1E7A4F7556}") = "Task4", "Task4\Task4.csproj", "{D95589F8-7EC6-4850-AF87-607010EA22DA}"
EndProject
Project("{FAE04EC0-301F-11D3-BF4B-00C04F79EFBC}") = "Task6", "Task6\Task6.csproj", "{EA2D4F68-8ED7-4C36-943E-B9270E6BEA95}"
EndProject
Global
	GlobalSection(SolutionConfigurationPlatforms) = preSolution
		Debug|Any CPU = Debug|Any CPU
		Release|Any CPU = Release|Any CPU
	EndGlobalSection
	GlobalSection(ProjectConfigurationPlatforms) = postSolution
		{DD3332EA-12DC-4E82-9662-EACDEF03B812}.Debug|Any CPU.ActiveCfg = Debug|Any CPU
		{DD3332EA-12DC-4E82-9662-EACDEF03B812}.Debug|Any CPU.Build.0 = Debug|Any CPU
		{DD3332EA-12DC-4E82-9662-EACDEF03B812}.Release|Any CPU.ActiveCfg = Release|Any CPU
		{DD3332EA-12DC-4E82-9662-EACDEF03B812}.Release|Any CPU.Build.0 = Release|Any CPU
		{E67920D9-0166-46A2-B97F-29E0523AC57F}.Debug|Any CPU.ActiveCfg = Debug|Any CPU
		{E67920D9-0166-46A2-B97F-29E0523AC57F}.Debug|Any CPU.Build.0 = Debug|Any CPU
		{E67920D9-0166-46A2-B97F-29E0523AC57F}.Release|Any CPU.ActiveCfg = Release|Any CPU
		{E67920D9-0166-46A2-B97F-29E0523AC57F}.Release|Any CPU.Build.0 = Release|Any CPU
		{6A377CD4-1B41-4EEA-B33E-FFA65500CA77}.Debug|Any CPU.ActiveCfg = Debug|Any CPU
		{6A377CD4-1B41-4EEA-B33E-FFA65500CA77}.Debug|Any CPU.Build.0 = Debug|Any CPU
		{6A377CD4-1B41-4EEA-B33E-FFA65500CA77}.Release|Any CPU.ActiveCfg = Release|Any CPU
		{6A377CD4-1B41-4EEA-B33E-FFA65500CA77}.Release|Any CPU.Build.0 = Release|Any CPU
		{D95589F8-7EC6-4850-AF87-607010EA22DA}.Debug|Any CPU.ActiveCfg = Debug|Any CPU
		{D95589F8-7EC6-4850-AF87-607010EA22DA}.Debug|Any CPU.Build.0 = Debug|Any CPU
		{D95589F8-7EC6-4850-AF87-607010EA22DA}.Release|Any CPU.ActiveCfg = Release|Any CPU
		{D95589F8-7EC6-4850-AF87-607010EA22DA}.Release|Any CPU.Build.0 = Release|Any CPU
		{EA2D4F68-8ED7-4C36-943E-B9270E6BEA95}.Debug|Any CPU.ActiveCfg = Debug|Any CPU
		{EA2D4F68-8ED7-4C36-943E-B9270E6BEA95}.Debug|Any CPU.Build.0 = Debug|Any CPU
		{EA2D4F68-8ED7-4C36-943E-B9270E6BEA95}.Release|Any CPU.ActiveCfg = Release|Any CPU
		{EA2D4F68-8ED7-4C36-943E-B9270E6BEA95}.Release|Any CPU.Build.0 = Release|Any CPU
	EndGlobalSection
	GlobalSection(SolutionProperties) = preSolution
		HideSolutionNode = FALSE
	EndGlobalSection
	GlobalSection(ExtensibilityGlobals) = postSolution
		SolutionGuid = {2A80EA61-8302-4538-BA82-5D55A6F3D057}
	EndGlobalSection
EndGlobal
